
Microsoft Visual Studio Solution File, Format Version 12.00
# Visual Studio Version 17
VisualStudioVersion = 17.4.33205.214
MinimumVisualStudioVersion = 10.0.40219.1
Project("{FAE04EC0-301F-11D3-BF4B-00C04F79EFBC}") = "ValuteConvert", "ValuteConvert\ValuteConvert.csproj", "{78E21CDC-3C9C-4ECC-B0C6-C62E09A89144}"
EndProject
Global
	GlobalSection(SolutionConfigurationPlatforms) = preSolution
		Debug|Any CPU = Debug|Any CPU
		Release|Any CPU = Release|Any CPU
	EndGlobalSection
	GlobalSection(ProjectConfigurationPlatforms) = postSolution
		{78E21CDC-3C9C-4ECC-B0C6-C62E09A89144}.Debug|Any CPU.ActiveCfg = Debug|Any CPU
		{78E21CDC-3C9C-4ECC-B0C6-C62E09A89144}.Debug|Any CPU.Build.0 = Debug|Any CPU
		{78E21CDC-3C9C-4ECC-B0C6-C62E09A89144}.Release|Any CPU.ActiveCfg = Release|Any CPU
		{78E21CDC-3C9C-4ECC-B0C6-C62E09A89144}.Release|Any CPU.Build.0 = Release|Any CPU
	EndGlobalSection
	GlobalSection(SolutionProperties) = preSolution
		HideSolutionNode = FALSE
	EndGlobalSection
	GlobalSection(ExtensibilityGlobals) = postSolution
		SolutionGuid = {596A2A20-4082-4EC9-A8BC-EB9FA0156016}
	EndGlobalSection
EndGlobal
